
Microsoft Visual Studio Solution File, Format Version 12.00
# Visual Studio Version 17
VisualStudioVersion = 17.6.33829.357
MinimumVisualStudioVersion = 10.0.40219.1
Project("{FAE04EC0-301F-11D3-BF4B-00C04F79EFBC}") = "Problem12", "Problem12.csproj", "{313B41B4-4160-4D66-B80F-C106482B2DA5}"
EndProject
Global
	GlobalSection(SolutionConfigurationPlatforms) = preSolution
		Debug|Any CPU = Debug|Any CPU
		Release|Any CPU = Release|Any CPU
	EndGlobalSection
	GlobalSection(ProjectConfigurationPlatforms) = postSolution
		{313B41B4-4160-4D66-B80F-C106482B2DA5}.Debug|Any CPU.ActiveCfg = Debug|Any CPU
		{313B41B4-4160-4D66-B80F-C106482B2DA5}.Debug|Any CPU.Build.0 = Debug|Any CPU
		{313B41B4-4160-4D66-B80F-C106482B2DA5}.Release|Any CPU.ActiveCfg = Release|Any CPU
		{313B41B4-4160-4D66-B80F-C106482B2DA5}.Release|Any CPU.Build.0 = Release|Any CPU
	EndGlobalSection
	GlobalSection(SolutionProperties) = preSolution
		HideSolutionNode = FALSE
	EndGlobalSection
	GlobalSection(ExtensibilityGlobals) = postSolution
		SolutionGuid = {5338706C-2D26-417B-A3C3-965CC61406E8}
	EndGlobalSection
EndGlobal
