
Microsoft Visual Studio Solution File, Format Version 12.00
# Visual Studio Version 17
VisualStudioVersion = 17.6.33829.357
MinimumVisualStudioVersion = 10.0.40219.1
Project("{FAE04EC0-301F-11D3-BF4B-00C04F79EFBC}") = "Problem 21", "Problem 21.csproj", "{4A28EB9D-F4DB-4AE7-98B8-0EB9D3B7C489}"
EndProject
Global
	GlobalSection(SolutionConfigurationPlatforms) = preSolution
		Debug|Any CPU = Debug|Any CPU
		Release|Any CPU = Release|Any CPU
	EndGlobalSection
	GlobalSection(ProjectConfigurationPlatforms) = postSolution
		{4A28EB9D-F4DB-4AE7-98B8-0EB9D3B7C489}.Debug|Any CPU.ActiveCfg = Debug|Any CPU
		{4A28EB9D-F4DB-4AE7-98B8-0EB9D3B7C489}.Debug|Any CPU.Build.0 = Debug|Any CPU
		{4A28EB9D-F4DB-4AE7-98B8-0EB9D3B7C489}.Release|Any CPU.ActiveCfg = Release|Any CPU
		{4A28EB9D-F4DB-4AE7-98B8-0EB9D3B7C489}.Release|Any CPU.Build.0 = Release|Any CPU
	EndGlobalSection
	GlobalSection(SolutionProperties) = preSolution
		HideSolutionNode = FALSE
	EndGlobalSection
	GlobalSection(ExtensibilityGlobals) = postSolution
		SolutionGuid = {AF9BCDEE-032F-4EC8-BBF1-EFEAD63144BF}
	EndGlobalSection
EndGlobal
