
Microsoft Visual Studio Solution File, Format Version 12.00
# Visual Studio Version 17
VisualStudioVersion = 17.6.33829.357
MinimumVisualStudioVersion = 10.0.40219.1
Project("{FAE04EC0-301F-11D3-BF4B-00C04F79EFBC}") = "Problem20", "Problem20.csproj", "{B3D4383F-AAFA-4115-AB0D-54055FA44183}"
EndProject
Global
	GlobalSection(SolutionConfigurationPlatforms) = preSolution
		Debug|Any CPU = Debug|Any CPU
		Release|Any CPU = Release|Any CPU
	EndGlobalSection
	GlobalSection(ProjectConfigurationPlatforms) = postSolution
		{B3D4383F-AAFA-4115-AB0D-54055FA44183}.Debug|Any CPU.ActiveCfg = Debug|Any CPU
		{B3D4383F-AAFA-4115-AB0D-54055FA44183}.Debug|Any CPU.Build.0 = Debug|Any CPU
		{B3D4383F-AAFA-4115-AB0D-54055FA44183}.Release|Any CPU.ActiveCfg = Release|Any CPU
		{B3D4383F-AAFA-4115-AB0D-54055FA44183}.Release|Any CPU.Build.0 = Release|Any CPU
	EndGlobalSection
	GlobalSection(SolutionProperties) = preSolution
		HideSolutionNode = FALSE
	EndGlobalSection
	GlobalSection(ExtensibilityGlobals) = postSolution
		SolutionGuid = {CEB50034-2FA8-4719-BF8B-B442A605383F}
	EndGlobalSection
EndGlobal
